// !$*UTF8*$!
{
	archiveVersion = 1;
	classes = {
	};
	objectVersion = 50;
	objects = {

/* Begin PBXBuildFile section */
		6DC9CDC22532D7EC001BF19F /* AppDelegate.swift in Sources */ = {isa = PBXBuildFile; fileRef = 6DC9CDC12532D7EC001BF19F /* AppDelegate.swift */; };
		6DC9CDC42532D7EC001BF19F /* SceneDelegate.swift in Sources */ = {isa = PBXBuildFile; fileRef = 6DC9CDC32532D7EC001BF19F /* SceneDelegate.swift */; };
		6DC9CDC92532D7EC001BF19F /* Main.storyboard in Resources */ = {isa = PBXBuildFile; fileRef = 6DC9CDC72532D7EC001BF19F /* Main.storyboard */; };
		6DC9CDCB2532D7EE001BF19F /* Assets.xcassets in Resources */ = {isa = PBXBuildFile; fileRef = 6DC9CDCA2532D7EE001BF19F /* Assets.xcassets */; };
		6DC9CDCE2532D7EE001BF19F /* LaunchScreen.storyboard in Resources */ = {isa = PBXBuildFile; fileRef = 6DC9CDCC2532D7EE001BF19F /* LaunchScreen.storyboard */; };
		6DC9CDD62532E12C001BF19F /* LoginViewController.swift in Sources */ = {isa = PBXBuildFile; fileRef = 6DC9CDD52532E12C001BF19F /* LoginViewController.swift */; };
		6DC9CDD82532E181001BF19F /* HomeViewController.swift in Sources */ = {isa = PBXBuildFile; fileRef = 6DC9CDD72532E181001BF19F /* HomeViewController.swift */; };
		6DC9CDDA2532E196001BF19F /* ImageSelectViewController.swift in Sources */ = {isa = PBXBuildFile; fileRef = 6DC9CDD92532E195001BF19F /* ImageSelectViewController.swift */; };
		6DC9CDDC2532E1A9001BF19F /* PostViewController.swift in Sources */ = {isa = PBXBuildFile; fileRef = 6DC9CDDB2532E1A9001BF19F /* PostViewController.swift */; };
		6DC9CDDE2532E1CC001BF19F /* SettingViewController.swift in Sources */ = {isa = PBXBuildFile; fileRef = 6DC9CDDD2532E1CC001BF19F /* SettingViewController.swift */; };
		6DC9CDE02532EDA8001BF19F /* TabBarViewController.swift in Sources */ = {isa = PBXBuildFile; fileRef = 6DC9CDDF2532EDA8001BF19F /* TabBarViewController.swift */; };
		6DC9CDE22532FC80001BF19F /* GoogleService-Info.plist in Resources */ = {isa = PBXBuildFile; fileRef = 6DC9CDE12532FC80001BF19F /* GoogleService-Info.plist */; };
		F820D22A5D03A33E4BBA10F1 /* Pods_Instagram.framework in Frameworks */ = {isa = PBXBuildFile; fileRef = 5C0B76809AE17C2A684ECC63 /* Pods_Instagram.framework */; };
/* End PBXBuildFile section */

/* Begin PBXFileReference section */
		5C0B76809AE17C2A684ECC63 /* Pods_Instagram.framework */ = {isa = PBXFileReference; explicitFileType = wrapper.framework; includeInIndex = 0; path = Pods_Instagram.framework; sourceTree = BUILT_PRODUCTS_DIR; };
		6DC9CDBE2532D7EC001BF19F /* Instagram.app */ = {isa = PBXFileReference; explicitFileType = wrapper.application; includeInIndex = 0; path = Instagram.app; sourceTree = BUILT_PRODUCTS_DIR; };
		6DC9CDC12532D7EC001BF19F /* AppDelegate.swift */ = {isa = PBXFileReference; lastKnownFileType = sourcecode.swift; path = AppDelegate.swift; sourceTree = "<group>"; };
		6DC9CDC32532D7EC001BF19F /* SceneDelegate.swift */ = {isa = PBXFileReference; lastKnownFileType = sourcecode.swift; path = SceneDelegate.swift; sourceTree = "<group>"; };
		6DC9CDC82532D7EC001BF19F /* Base */ = {isa = PBXFileReference; lastKnownFileType = file.storyboard; name = Base; path = Base.lproj/Main.storyboard; sourceTree = "<group>"; };
		6DC9CDCA2532D7EE001BF19F /* Assets.xcassets */ = {isa = PBXFileReference; lastKnownFileType = folder.assetcatalog; path = Assets.xcassets; sourceTree = "<group>"; };
		6DC9CDCD2532D7EE001BF19F /* Base */ = {isa = PBXFileReference; lastKnownFileType = file.storyboard; name = Base; path = Base.lproj/LaunchScreen.storyboard; sourceTree = "<group>"; };
		6DC9CDCF2532D7EE001BF19F /* Info.plist */ = {isa = PBXFileReference; lastKnownFileType = text.plist.xml; path = Info.plist; sourceTree = "<group>"; };
		6DC9CDD52532E12C001BF19F /* LoginViewController.swift */ = {isa = PBXFileReference; lastKnownFileType = sourcecode.swift; path = LoginViewController.swift; sourceTree = "<group>"; };
		6DC9CDD72532E181001BF19F /* HomeViewController.swift */ = {isa = PBXFileReference; lastKnownFileType = sourcecode.swift; path = HomeViewController.swift; sourceTree = "<group>"; };
		6DC9CDD92532E195001BF19F /* ImageSelectViewController.swift */ = {isa = PBXFileReference; lastKnownFileType = sourcecode.swift; path = ImageSelectViewController.swift; sourceTree = "<group>"; };
		6DC9CDDB2532E1A9001BF19F /* PostViewController.swift */ = {isa = PBXFileReference; lastKnownFileType = sourcecode.swift; path = PostViewController.swift; sourceTree = "<group>"; };
		6DC9CDDD2532E1CC001BF19F /* SettingViewController.swift */ = {isa = PBXFileReference; lastKnownFileType = sourcecode.swift; path = SettingViewController.swift; sourceTree = "<group>"; };
		6DC9CDDF2532EDA8001BF19F /* TabBarViewController.swift */ = {isa = PBXFileReference; lastKnownFileType = sourcecode.swift; path = TabBarViewController.swift; sourceTree = "<group>"; };
		6DC9CDE12532FC80001BF19F /* GoogleService-Info.plist */ = {isa = PBXFileReference; fileEncoding = 4; lastKnownFileType = text.plist.xml; path = "GoogleService-Info.plist"; sourceTree = "<group>"; };
		850F16BA09F3F8A980FBB06C /* Pods-Instagram.debug.xcconfig */ = {isa = PBXFileReference; includeInIndex = 1; lastKnownFileType = text.xcconfig; name = "Pods-Instagram.debug.xcconfig"; path = "Target Support Files/Pods-Instagram/Pods-Instagram.debug.xcconfig"; sourceTree = "<group>"; };
		9F5A5BE346A52F0250B30AEF /* Pods-Instagram.release.xcconfig */ = {isa = PBXFileReference; includeInIndex = 1; lastKnownFileType = text.xcconfig; name = "Pods-Instagram.release.xcconfig"; path = "Target Support Files/Pods-Instagram/Pods-Instagram.release.xcconfig"; sourceTree = "<group>"; };
/* End PBXFileReference section */

/* Begin PBXFrameworksBuildPhase section */
		6DC9CDBB2532D7EC001BF19F /* Frameworks */ = {
			isa = PBXFrameworksBuildPhase;
			buildActionMask = 2147483647;
			files = (
				F820D22A5D03A33E4BBA10F1 /* Pods_Instagram.framework in Frameworks */,
			);
			runOnlyForDeploymentPostprocessing = 0;
		};
/* End PBXFrameworksBuildPhase section */

/* Begin PBXGroup section */
		4BB513B09E21762F51EC8BB8 /* Frameworks */ = {
			isa = PBXGroup;
			children = (
				5C0B76809AE17C2A684ECC63 /* Pods_Instagram.framework */,
			);
			name = Frameworks;
			sourceTree = "<group>";
		};
		6DC9CDB52532D7EC001BF19F = {
			isa = PBXGroup;
			children = (
				6DC9CDC02532D7EC001BF19F /* Instagram */,
				6DC9CDBF2532D7EC001BF19F /* Products */,
				7567632FAD4DA9703E2BF5B9 /* Pods */,
				4BB513B09E21762F51EC8BB8 /* Frameworks */,
			);
			sourceTree = "<group>";
		};
		6DC9CDBF2532D7EC001BF19F /* Products */ = {
			isa = PBXGroup;
			children = (
				6DC9CDBE2532D7EC001BF19F /* Instagram.app */,
			);
			name = Products;
			sourceTree = "<group>";
		};
		6DC9CDC02532D7EC001BF19F /* Instagram */ = {
			isa = PBXGroup;
			children = (
				6DC9CDC12532D7EC001BF19F /* AppDelegate.swift */,
				6DC9CDC32532D7EC001BF19F /* SceneDelegate.swift */,
				6DC9CDD52532E12C001BF19F /* LoginViewController.swift */,
				6DC9CDD72532E181001BF19F /* HomeViewController.swift */,
				6DC9CDD92532E195001BF19F /* ImageSelectViewController.swift */,
				6DC9CDDB2532E1A9001BF19F /* PostViewController.swift */,
				6DC9CDDD2532E1CC001BF19F /* SettingViewController.swift */,
				6DC9CDDF2532EDA8001BF19F /* TabBarViewController.swift */,
				6DC9CDC72532D7EC001BF19F /* Main.storyboard */,
				6DC9CDCA2532D7EE001BF19F /* Assets.xcassets */,
				6DC9CDCC2532D7EE001BF19F /* LaunchScreen.storyboard */,
				6DC9CDE12532FC80001BF19F /* GoogleService-Info.plist */,
				6DC9CDCF2532D7EE001BF19F /* Info.plist */,
			);
			path = Instagram;
			sourceTree = "<group>";
		};
		7567632FAD4DA9703E2BF5B9 /* Pods */ = {
			isa = PBXGroup;
			children = (
				850F16BA09F3F8A980FBB06C /* Pods-Instagram.debug.xcconfig */,
				9F5A5BE346A52F0250B30AEF /* Pods-Instagram.release.xcconfig */,
			);
			name = Pods;
			path = Pods;
			sourceTree = "<group>";
		};
/* End PBXGroup section */

/* Begin PBXNativeTarget section */
		6DC9CDBD2532D7EC001BF19F /* Instagram */ = {
			isa = PBXNativeTarget;
			buildConfigurationList = 6DC9CDD22532D7EE001BF19F /* Build configuration list for PBXNativeTarget "Instagram" */;
			buildPhases = (
				44760C0354B949909A979E53 /* [CP] Check Pods Manifest.lock */,
				6DC9CDBA2532D7EC001BF19F /* Sources */,
				6DC9CDBB2532D7EC001BF19F /* Frameworks */,
				6DC9CDBC2532D7EC001BF19F /* Resources */,
				F51262A8BBA0F5093F45B15D /* [CP] Embed Pods Frameworks */,
			);
			buildRules = (
			);
			dependencies = (
			);
			name = Instagram;
			productName = Instagram;
			productReference = 6DC9CDBE2532D7EC001BF19F /* Instagram.app */;
			productType = "com.apple.product-type.application";
		};
/* End PBXNativeTarget section */

/* Begin PBXProject section */
		6DC9CDB62532D7EC001BF19F /* Project object */ = {
			isa = PBXProject;
			attributes = {
				LastSwiftUpdateCheck = 1150;
				LastUpgradeCheck = 1150;
				ORGANIZATIONNAME = masayoshi.suzuki;
				TargetAttributes = {
					6DC9CDBD2532D7EC001BF19F = {
						CreatedOnToolsVersion = 11.5;
					};
				};
			};
			buildConfigurationList = 6DC9CDB92532D7EC001BF19F /* Build configuration list for PBXProject "Instagram" */;
			compatibilityVersion = "Xcode 9.3";
			developmentRegion = en;
			hasScannedForEncodings = 0;
			knownRegions = (
				en,
				Base,
			);
			mainGroup = 6DC9CDB52532D7EC001BF19F;
			productRefGroup = 6DC9CDBF2532D7EC001BF19F /* Products */;
			projectDirPath = "";
			projectRoot = "";
			targets = (
				6DC9CDBD2532D7EC001BF19F /* Instagram */,
			);
		};
/* End PBXProject section */

/* Begin PBXResourcesBuildPhase section */
		6DC9CDBC2532D7EC001BF19F /* Resources */ = {
			isa = PBXResourcesBuildPhase;
			buildActionMask = 2147483647;
			files = (
				6DC9CDCE2532D7EE001BF19F /* LaunchScreen.storyboard in Resources */,
				6DC9CDE22532FC80001BF19F /* GoogleService-Info.plist in Resources */,
				6DC9CDCB2532D7EE001BF19F /* Assets.xcassets in Resources */,
				6DC9CDC92532D7EC001BF19F /* Main.storyboard in Resources */,
			);
			runOnlyForDeploymentPostprocessing = 0;
		};
/* End PBXResourcesBuildPhase section */

/* Begin PBXShellScriptBuildPhase section */
		44760C0354B949909A979E53 /* [CP] Check Pods Manifest.lock */ = {
			isa = PBXShellScriptBuildPhase;
			buildActionMask = 2147483647;
			files = (
			);
			inputFileListPaths = (
			);
			inputPaths = (
				"${PODS_PODFILE_DIR_PATH}/Podfile.lock",
				"${PODS_ROOT}/Manifest.lock",
			);
			name = "[CP] Check Pods Manifest.lock";
			outputFileListPaths = (
			);
			outputPaths = (
				"$(DERIVED_FILE_DIR)/Pods-Instagram-checkManifestLockResult.txt",
			);
			runOnlyForDeploymentPostprocessing = 0;
			shellPath = /bin/sh;
			shellScript = "diff \"${PODS_PODFILE_DIR_PATH}/Podfile.lock\" \"${PODS_ROOT}/Manifest.lock\" > /dev/null\nif [ $? != 0 ] ; then\n    # print error to STDERR\n    echo \"error: The sandbox is not in sync with the Podfile.lock. Run 'pod install' or update your CocoaPods installation.\" >&2\n    exit 1\nfi\n# This output is used by Xcode 'outputs' to avoid re-running this script phase.\necho \"SUCCESS\" > \"${SCRIPT_OUTPUT_FILE_0}\"\n";
			showEnvVarsInLog = 0;
		};
		F51262A8BBA0F5093F45B15D /* [CP] Embed Pods Frameworks */ = {
			isa = PBXShellScriptBuildPhase;
			buildActionMask = 2147483647;
			files = (
			);
			inputFileListPaths = (
				"${PODS_ROOT}/Target Support Files/Pods-Instagram/Pods-Instagram-frameworks-${CONFIGURATION}-input-files.xcfilelist",
			);
			name = "[CP] Embed Pods Frameworks";
			outputFileListPaths = (
				"${PODS_ROOT}/Target Support Files/Pods-Instagram/Pods-Instagram-frameworks-${CONFIGURATION}-output-files.xcfilelist",
			);
			runOnlyForDeploymentPostprocessing = 0;
			shellPath = /bin/sh;
			shellScript = "\"${PODS_ROOT}/Target Support Files/Pods-Instagram/Pods-Instagram-frameworks.sh\"\n";
			showEnvVarsInLog = 0;
		};
/* End PBXShellScriptBuildPhase section */

/* Begin PBXSourcesBuildPhase section */
		6DC9CDBA2532D7EC001BF19F /* Sources */ = {
			isa = PBXSourcesBuildPhase;
			buildActionMask = 2147483647;
			files = (
				6DC9CDE02532EDA8001BF19F /* TabBarViewController.swift in Sources */,
				6DC9CDDA2532E196001BF19F /* ImageSelectViewController.swift in Sources */,
				6DC9CDD82532E181001BF19F /* HomeViewController.swift in Sources */,
				6DC9CDDC2532E1A9001BF19F /* PostViewController.swift in Sources */,
				6DC9CDDE2532E1CC001BF19F /* SettingViewController.swift in Sources */,
				6DC9CDD62532E12C001BF19F /* LoginViewController.swift in Sources */,
				6DC9CDC22532D7EC001BF19F /* AppDelegate.swift in Sources */,
				6DC9CDC42532D7EC001BF19F /* SceneDelegate.swift in Sources */,
			);
			runOnlyForDeploymentPostprocessing = 0;
		};
/* End PBXSourcesBuildPhase section */

/* Begin PBXVariantGroup section */
		6DC9CDC72532D7EC001BF19F /* Main.storyboard */ = {
			isa = PBXVariantGroup;
			children = (
				6DC9CDC82532D7EC001BF19F /* Base */,
			);
			name = Main.storyboard;
			sourceTree = "<group>";
		};
		6DC9CDCC2532D7EE001BF19F /* LaunchScreen.storyboard */ = {
			isa = PBXVariantGroup;
			children = (
				6DC9CDCD2532D7EE001BF19F /* Base */,
			);
			name = LaunchScreen.storyboard;
			sourceTree = "<group>";
		};
/* End PBXVariantGroup section */

/* Begin XCBuildConfiguration section */
		6DC9CDD02532D7EE001BF19F /* Debug */ = {
			isa = XCBuildConfiguration;
			buildSettings = {
				ALWAYS_SEARCH_USER_PATHS = NO;
				CLANG_ANALYZER_NONNULL = YES;
				CLANG_ANALYZER_NUMBER_OBJECT_CONVERSION = YES_AGGRESSIVE;
				CLANG_CXX_LANGUAGE_STANDARD = "gnu++14";
				CLANG_CXX_LIBRARY = "libc++";
				CLANG_ENABLE_MODULES = YES;
				CLANG_ENABLE_OBJC_ARC = YES;
				CLANG_ENABLE_OBJC_WEAK = YES;
				CLANG_WARN_BLOCK_CAPTURE_AUTORELEASING = YES;
				CLANG_WARN_BOOL_CONVERSION = YES;
				CLANG_WARN_COMMA = YES;
				CLANG_WARN_CONSTANT_CONVERSION = YES;
				CLANG_WARN_DEPRECATED_OBJC_IMPLEMENTATIONS = YES;
				CLANG_WARN_DIRECT_OBJC_ISA_USAGE = YES_ERROR;
				CLANG_WARN_DOCUMENTATION_COMMENTS = YES;
				CLANG_WARN_EMPTY_BODY = YES;
				CLANG_WARN_ENUM_CONVERSION = YES;
				CLANG_WARN_INFINITE_RECURSION = YES;
				CLANG_WARN_INT_CONVERSION = YES;
				CLANG_WARN_NON_LITERAL_NULL_CONVERSION = YES;
				CLANG_WARN_OBJC_IMPLICIT_RETAIN_SELF = YES;
				CLANG_WARN_OBJC_LITERAL_CONVERSION = YES;
				CLANG_WARN_OBJC_ROOT_CLASS = YES_ERROR;
				CLANG_WARN_RANGE_LOOP_ANALYSIS = YES;
				CLANG_WARN_STRICT_PROTOTYPES = YES;
				CLANG_WARN_SUSPICIOUS_MOVE = YES;
				CLANG_WARN_UNGUARDED_AVAILABILITY = YES_AGGRESSIVE;
				CLANG_WARN_UNREACHABLE_CODE = YES;
				CLANG_WARN__DUPLICATE_METHOD_MATCH = YES;
				COPY_PHASE_STRIP = NO;
				DEBUG_INFORMATION_FORMAT = dwarf;
				ENABLE_STRICT_OBJC_MSGSEND = YES;
				ENABLE_TESTABILITY = YES;
				GCC_C_LANGUAGE_STANDARD = gnu11;
				GCC_DYNAMIC_NO_PIC = NO;
				GCC_NO_COMMON_BLOCKS = YES;
				GCC_OPTIMIZATION_LEVEL = 0;
				GCC_PREPROCESSOR_DEFINITIONS = (
					"DEBUG=1",
					"$(inherited)",
				);
				GCC_WARN_64_TO_32_BIT_CONVERSION = YES;
				GCC_WARN_ABOUT_RETURN_TYPE = YES_ERROR;
				GCC_WARN_UNDECLARED_SELECTOR = YES;
				GCC_WARN_UNINITIALIZED_AUTOS = YES_AGGRESSIVE;
				GCC_WARN_UNUSED_FUNCTION = YES;
				GCC_WARN_UNUSED_VARIABLE = YES;
				IPHONEOS_DEPLOYMENT_TARGET = 13.5;
				MTL_ENABLE_DEBUG_INFO = INCLUDE_SOURCE;
				MTL_FAST_MATH = YES;
				ONLY_ACTIVE_ARCH = YES;
				SDKROOT = iphoneos;
				SWIFT_ACTIVE_COMPILATION_CONDITIONS = DEBUG;
				SWIFT_OPTIMIZATION_LEVEL = "-Onone";
			};
			name = Debug;
		};
		6DC9CDD12532D7EE001BF19F /* Release */ = {
			isa = XCBuildConfiguration;
			buildSettings = {
				ALWAYS_SEARCH_USER_PATHS = NO;
				CLANG_ANALYZER_NONNULL = YES;
				CLANG_ANALYZER_NUMBER_OBJECT_CONVERSION = YES_AGGRESSIVE;
				CLANG_CXX_LANGUAGE_STANDARD = "gnu++14";
				CLANG_CXX_LIBRARY = "libc++";
				CLANG_ENABLE_MODULES = YES;
				CLANG_ENABLE_OBJC_ARC = YES;
				CLANG_ENABLE_OBJC_WEAK = YES;
				CLANG_WARN_BLOCK_CAPTURE_AUTORELEASING = YES;
				CLANG_WARN_BOOL_CONVERSION = YES;
				CLANG_WARN_COMMA = YES;
				CLANG_WARN_CONSTANT_CONVERSION = YES;
				CLANG_WARN_DEPRECATED_OBJC_IMPLEMENTATIONS = YES;
				CLANG_WARN_DIRECT_OBJC_ISA_USAGE = YES_ERROR;
				CLANG_WARN_DOCUMENTATION_COMMENTS = YES;
				CLANG_WARN_EMPTY_BODY = YES;
				CLANG_WARN_ENUM_CONVERSION = YES;
				CLANG_WARN_INFINITE_RECURSION = YES;
				CLANG_WARN_INT_CONVERSION = YES;
				CLANG_WARN_NON_LITERAL_NULL_CONVERSION = YES;
				CLANG_WARN_OBJC_IMPLICIT_RETAIN_SELF = YES;
				CLANG_WARN_OBJC_LITERAL_CONVERSION = YES;
				CLANG_WARN_OBJC_ROOT_CLASS = YES_ERROR;
				CLANG_WARN_RANGE_LOOP_ANALYSIS = YES;
				CLANG_WARN_STRICT_PROTOTYPES = YES;
				CLANG_WARN_SUSPICIOUS_MOVE = YES;
				CLANG_WARN_UNGUARDED_AVAILABILITY = YES_AGGRESSIVE;
				CLANG_WARN_UNREACHABLE_CODE = YES;
				CLANG_WARN__DUPLICATE_METHOD_MATCH = YES;
				COPY_PHASE_STRIP = NO;
				DEBUG_INFORMATION_FORMAT = "dwarf-with-dsym";
				ENABLE_NS_ASSERTIONS = NO;
				ENABLE_STRICT_OBJC_MSGSEND = YES;
				GCC_C_LANGUAGE_STANDARD = gnu11;
				GCC_NO_COMMON_BLOCKS = YES;
				GCC_WARN_64_TO_32_BIT_CONVERSION = YES;
				GCC_WARN_ABOUT_RETURN_TYPE = YES_ERROR;
				GCC_WARN_UNDECLARED_SELECTOR = YES;
				GCC_WARN_UNINITIALIZED_AUTOS = YES_AGGRESSIVE;
				GCC_WARN_UNUSED_FUNCTION = YES;
				GCC_WARN_UNUSED_VARIABLE = YES;
				IPHONEOS_DEPLOYMENT_TARGET = 13.5;
				MTL_ENABLE_DEBUG_INFO = NO;
				MTL_FAST_MATH = YES;
				SDKROOT = iphoneos;
				SWIFT_COMPILATION_MODE = wholemodule;
				SWIFT_OPTIMIZATION_LEVEL = "-O";
				VALIDATE_PRODUCT = YES;
			};
			name = Release;
		};
		6DC9CDD32532D7EE001BF19F /* Debug */ = {
			isa = XCBuildConfiguration;
			baseConfigurationReference = 850F16BA09F3F8A980FBB06C /* Pods-Instagram.debug.xcconfig */;
			buildSettings = {
				ASSETCATALOG_COMPILER_APPICON_NAME = AppIcon;
				CODE_SIGN_STYLE = Automatic;
				DEVELOPMENT_TEAM = DD35WUVMY6;
				INFOPLIST_FILE = Instagram/Info.plist;
				LD_RUNPATH_SEARCH_PATHS = (
					"$(inherited)",
					"@executable_path/Frameworks",
				);
				PRODUCT_BUNDLE_IDENTIFIER = jp.techacademy.masayoshi.suzuki.Instagram;
				PRODUCT_NAME = "$(TARGET_NAME)";
				SWIFT_VERSION = 5.0;
				TARGETED_DEVICE_FAMILY = "1,2";
			};
			name = Debug;
		};
		6DC9CDD42532D7EE001BF19F /* Release */ = {
			isa = XCBuildConfiguration;
			baseConfigurationReference = 9F5A5BE346A52F0250B30AEF /* Pods-Instagram.release.xcconfig */;
			buildSettings = {
				ASSETCATALOG_COMPILER_APPICON_NAME = AppIcon;
				CODE_SIGN_STYLE = Automatic;
				DEVELOPMENT_TEAM = DD35WUVMY6;
				INFOPLIST_FILE = Instagram/Info.plist;
				LD_RUNPATH_SEARCH_PATHS = (
					"$(inherited)",
					"@executable_path/Frameworks",
				);
				PRODUCT_BUNDLE_IDENTIFIER = jp.techacademy.masayoshi.suzuki.Instagram;
				PRODUCT_NAME = "$(TARGET_NAME)";
				SWIFT_VERSION = 5.0;
				TARGETED_DEVICE_FAMILY = "1,2";
			};
			name = Release;
		};
/* End XCBuildConfiguration section */

/* Begin XCConfigurationList section */
		6DC9CDB92532D7EC001BF19F /* Build configuration list for PBXProject "Instagram" */ = {
			isa = XCConfigurationList;
			buildConfigurations = (
				6DC9CDD02532D7EE001BF19F /* Debug */,
				6DC9CDD12532D7EE001BF19F /* Release */,
			);
			defaultConfigurationIsVisible = 0;
			defaultConfigurationName = Release;
		};
		6DC9CDD22532D7EE001BF19F /* Build configuration list for PBXNativeTarget "Instagram" */ = {
			isa = XCConfigurationList;
			buildConfigurations = (
				6DC9CDD32532D7EE001BF19F /* Debug */,
				6DC9CDD42532D7EE001BF19F /* Release */,
			);
			defaultConfigurationIsVisible = 0;
			defaultConfigurationName = Release;
		};
/* End XCConfigurationList section */
	};
	rootObject = 6DC9CDB62532D7EC001BF19F /* Project object */;
}
